// !$*UTF8*$!
{
	archiveVersion = 1;
	classes = {
	};
	objectVersion = 56;
	objects = {

/* Begin PBXBuildFile section */
		2553DDF429DF9D240044EF7E /* main.cpp in Sources */ = {isa = PBXBuildFile; fileRef = 2553DDF329DF9D240044EF7E /* main.cpp */; };
		2553DDFB29DF9F380044EF7E /* Villain.cpp in Sources */ = {isa = PBXBuildFile; fileRef = 2553DDFA29DF9F380044EF7E /* Villain.cpp */; };
		2553DDFE29DF9F900044EF7E /* Witch.cpp in Sources */ = {isa = PBXBuildFile; fileRef = 2553DDFD29DF9F900044EF7E /* Witch.cpp */; };
		2553DE0129DF9FC40044EF7E /* Dragon.cpp in Sources */ = {isa = PBXBuildFile; fileRef = 2553DE0029DF9FC40044EF7E /* Dragon.cpp */; };
		2553DE0429DF9FF30044EF7E /* ForestCritter.cpp in Sources */ = {isa = PBXBuildFile; fileRef = 2553DE0329DF9FF30044EF7E /* ForestCritter.cpp */; };
		2553DE0829DFA38B0044EF7E /* Army.cpp in Sources */ = {isa = PBXBuildFile; fileRef = 2553DE0729DFA38B0044EF7E /* Army.cpp */; };
/* End PBXBuildFile section */

/* Begin PBXCopyFilesBuildPhase section */
		2553DDEE29DF9D240044EF7E /* CopyFiles */ = {
			isa = PBXCopyFilesBuildPhase;
			buildActionMask = 2147483647;
			dstPath = /usr/share/man/man1/;
			dstSubfolderSpec = 0;
			files = (
			);
			runOnlyForDeploymentPostprocessing = 1;
		};
/* End PBXCopyFilesBuildPhase section */

/* Begin PBXFileReference section */
		2553DDF029DF9D240044EF7E /* Topic 6 Lab Question 2 */ = {isa = PBXFileReference; explicitFileType = "compiled.mach-o.executable"; includeInIndex = 0; path = "Topic 6 Lab Question 2"; sourceTree = BUILT_PRODUCTS_DIR; };
		2553DDF329DF9D240044EF7E /* main.cpp */ = {isa = PBXFileReference; lastKnownFileType = sourcecode.cpp.cpp; path = main.cpp; sourceTree = "<group>"; };
		2553DDFA29DF9F380044EF7E /* Villain.cpp */ = {isa = PBXFileReference; lastKnownFileType = sourcecode.cpp.cpp; path = Villain.cpp; sourceTree = "<group>"; };
		2553DDFC29DF9F6C0044EF7E /* Villain.h */ = {isa = PBXFileReference; lastKnownFileType = sourcecode.c.h; path = Villain.h; sourceTree = "<group>"; };
		2553DDFD29DF9F900044EF7E /* Witch.cpp */ = {isa = PBXFileReference; lastKnownFileType = sourcecode.cpp.cpp; path = Witch.cpp; sourceTree = "<group>"; };
		2553DDFF29DF9FA50044EF7E /* Witch.h */ = {isa = PBXFileReference; lastKnownFileType = sourcecode.c.h; path = Witch.h; sourceTree = "<group>"; };
		2553DE0029DF9FC40044EF7E /* Dragon.cpp */ = {isa = PBXFileReference; lastKnownFileType = sourcecode.cpp.cpp; path = Dragon.cpp; sourceTree = "<group>"; };
		2553DE0229DF9FDA0044EF7E /* Dragon.h */ = {isa = PBXFileReference; lastKnownFileType = sourcecode.c.h; path = Dragon.h; sourceTree = "<group>"; };
		2553DE0329DF9FF30044EF7E /* ForestCritter.cpp */ = {isa = PBXFileReference; lastKnownFileType = sourcecode.cpp.cpp; path = ForestCritter.cpp; sourceTree = "<group>"; };
		2553DE0529DFA0110044EF7E /* ForestCritter.h */ = {isa = PBXFileReference; lastKnownFileType = sourcecode.c.h; path = ForestCritter.h; sourceTree = "<group>"; };
		2553DE0629DFA2C90044EF7E /* Army.h */ = {isa = PBXFileReference; lastKnownFileType = sourcecode.c.h; path = Army.h; sourceTree = "<group>"; };
		2553DE0729DFA38B0044EF7E /* Army.cpp */ = {isa = PBXFileReference; lastKnownFileType = sourcecode.cpp.cpp; path = Army.cpp; sourceTree = "<group>"; };
/* End PBXFileReference section */

/* Begin PBXFrameworksBuildPhase section */
		2553DDED29DF9D240044EF7E /* Frameworks */ = {
			isa = PBXFrameworksBuildPhase;
			buildActionMask = 2147483647;
			files = (
			);
			runOnlyForDeploymentPostprocessing = 0;
		};
/* End PBXFrameworksBuildPhase section */

/* Begin PBXGroup section */
		2553DDE729DF9D230044EF7E = {
			isa = PBXGroup;
			children = (
				2553DDF229DF9D240044EF7E /* Topic 6 Lab Question 2 */,
				2553DDF129DF9D240044EF7E /* Products */,
			);
			sourceTree = "<group>";
		};
		2553DDF129DF9D240044EF7E /* Products */ = {
			isa = PBXGroup;
			children = (
				2553DDF029DF9D240044EF7E /* Topic 6 Lab Question 2 */,
			);
			name = Products;
			sourceTree = "<group>";
		};
		2553DDF229DF9D240044EF7E /* Topic 6 Lab Question 2 */ = {
			isa = PBXGroup;
			children = (
				2553DDF329DF9D240044EF7E /* main.cpp */,
				2553DE0629DFA2C90044EF7E /* Army.h */,
				2553DE0729DFA38B0044EF7E /* Army.cpp */,
				2553DDFA29DF9F380044EF7E /* Villain.cpp */,
				2553DDFC29DF9F6C0044EF7E /* Villain.h */,
				2553DDFD29DF9F900044EF7E /* Witch.cpp */,
				2553DDFF29DF9FA50044EF7E /* Witch.h */,
				2553DE0029DF9FC40044EF7E /* Dragon.cpp */,
				2553DE0229DF9FDA0044EF7E /* Dragon.h */,
				2553DE0329DF9FF30044EF7E /* ForestCritter.cpp */,
				2553DE0529DFA0110044EF7E /* ForestCritter.h */,
			);
			path = "Topic 6 Lab Question 2";
			sourceTree = "<group>";
		};
/* End PBXGroup section */

/* Begin PBXNativeTarget section */
		2553DDEF29DF9D240044EF7E /* Topic 6 Lab Question 2 */ = {
			isa = PBXNativeTarget;
			buildConfigurationList = 2553DDF729DF9D240044EF7E /* Build configuration list for PBXNativeTarget "Topic 6 Lab Question 2" */;
			buildPhases = (
				2553DDEC29DF9D240044EF7E /* Sources */,
				2553DDED29DF9D240044EF7E /* Frameworks */,
				2553DDEE29DF9D240044EF7E /* CopyFiles */,
			);
			buildRules = (
			);
			dependencies = (
			);
			name = "Topic 6 Lab Question 2";
			productName = "Topic 6 Lab Question 2";
			productReference = 2553DDF029DF9D240044EF7E /* Topic 6 Lab Question 2 */;
			productType = "com.apple.product-type.tool";
		};
/* End PBXNativeTarget section */

/* Begin PBXProject section */
		2553DDE829DF9D230044EF7E /* Project object */ = {
			isa = PBXProject;
			attributes = {
				BuildIndependentTargetsInParallel = 1;
				LastUpgradeCheck = 1420;
				TargetAttributes = {
					2553DDEF29DF9D240044EF7E = {
						CreatedOnToolsVersion = 14.2;
					};
				};
			};
			buildConfigurationList = 2553DDEB29DF9D240044EF7E /* Build configuration list for PBXProject "Topic 6 Lab Question 2" */;
			compatibilityVersion = "Xcode 14.0";
			developmentRegion = en;
			hasScannedForEncodings = 0;
			knownRegions = (
				en,
				Base,
			);
			mainGroup = 2553DDE729DF9D230044EF7E;
			productRefGroup = 2553DDF129DF9D240044EF7E /* Products */;
			projectDirPath = "";
			projectRoot = "";
			targets = (
				2553DDEF29DF9D240044EF7E /* Topic 6 Lab Question 2 */,
			);
		};
/* End PBXProject section */

/* Begin PBXSourcesBuildPhase section */
		2553DDEC29DF9D240044EF7E /* Sources */ = {
			isa = PBXSourcesBuildPhase;
			buildActionMask = 2147483647;
			files = (
				2553DE0829DFA38B0044EF7E /* Army.cpp in Sources */,
				2553DDFE29DF9F900044EF7E /* Witch.cpp in Sources */,
				2553DDF429DF9D240044EF7E /* main.cpp in Sources */,
				2553DE0129DF9FC40044EF7E /* Dragon.cpp in Sources */,
				2553DDFB29DF9F380044EF7E /* Villain.cpp in Sources */,
				2553DE0429DF9FF30044EF7E /* ForestCritter.cpp in Sources */,
			);
			runOnlyForDeploymentPostprocessing = 0;
		};
/* End PBXSourcesBuildPhase section */

/* Begin XCBuildConfiguration section */
		2553DDF529DF9D240044EF7E /* Debug */ = {
			isa = XCBuildConfiguration;
			buildSettings = {
				ALWAYS_SEARCH_USER_PATHS = NO;
				CLANG_ANALYZER_NONNULL = YES;
				CLANG_ANALYZER_NUMBER_OBJECT_CONVERSION = YES_AGGRESSIVE;
				CLANG_CXX_LANGUAGE_STANDARD = "gnu++20";
				CLANG_ENABLE_MODULES = YES;
				CLANG_ENABLE_OBJC_ARC = YES;
				CLANG_ENABLE_OBJC_WEAK = YES;
				CLANG_WARN_BLOCK_CAPTURE_AUTORELEASING = YES;
				CLANG_WARN_BOOL_CONVERSION = YES;
				CLANG_WARN_COMMA = YES;
				CLANG_WARN_CONSTANT_CONVERSION = YES;
				CLANG_WARN_DEPRECATED_OBJC_IMPLEMENTATIONS = YES;
				CLANG_WARN_DIRECT_OBJC_ISA_USAGE = YES_ERROR;
				CLANG_WARN_DOCUMENTATION_COMMENTS = YES;
				CLANG_WARN_EMPTY_BODY = YES;
				CLANG_WARN_ENUM_CONVERSION = YES;
				CLANG_WARN_INFINITE_RECURSION = YES;
				CLANG_WARN_INT_CONVERSION = YES;
				CLANG_WARN_NON_LITERAL_NULL_CONVERSION = YES;
				CLANG_WARN_OBJC_IMPLICIT_RETAIN_SELF = YES;
				CLANG_WARN_OBJC_LITERAL_CONVERSION = YES;
				CLANG_WARN_OBJC_ROOT_CLASS = YES_ERROR;
				CLANG_WARN_QUOTED_INCLUDE_IN_FRAMEWORK_HEADER = YES;
				CLANG_WARN_RANGE_LOOP_ANALYSIS = YES;
				CLANG_WARN_STRICT_PROTOTYPES = YES;
				CLANG_WARN_SUSPICIOUS_MOVE = YES;
				CLANG_WARN_UNGUARDED_AVAILABILITY = YES_AGGRESSIVE;
				CLANG_WARN_UNREACHABLE_CODE = YES;
				CLANG_WARN__DUPLICATE_METHOD_MATCH = YES;
				COPY_PHASE_STRIP = NO;
				DEBUG_INFORMATION_FORMAT = dwarf;
				ENABLE_STRICT_OBJC_MSGSEND = YES;
				ENABLE_TESTABILITY = YES;
				GCC_C_LANGUAGE_STANDARD = gnu11;
				GCC_DYNAMIC_NO_PIC = NO;
				GCC_NO_COMMON_BLOCKS = YES;
				GCC_OPTIMIZATION_LEVEL = 0;
				GCC_PREPROCESSOR_DEFINITIONS = (
					"DEBUG=1",
					"$(inherited)",
				);
				GCC_WARN_64_TO_32_BIT_CONVERSION = YES;
				GCC_WARN_ABOUT_RETURN_TYPE = YES_ERROR;
				GCC_WARN_UNDECLARED_SELECTOR = YES;
				GCC_WARN_UNINITIALIZED_AUTOS = YES_AGGRESSIVE;
				GCC_WARN_UNUSED_FUNCTION = YES;
				GCC_WARN_UNUSED_VARIABLE = YES;
				MACOSX_DEPLOYMENT_TARGET = 12.6;
				MTL_ENABLE_DEBUG_INFO = INCLUDE_SOURCE;
				MTL_FAST_MATH = YES;
				ONLY_ACTIVE_ARCH = YES;
				SDKROOT = macosx;
			};
			name = Debug;
		};
		2553DDF629DF9D240044EF7E /* Release */ = {
			isa = XCBuildConfiguration;
			buildSettings = {
				ALWAYS_SEARCH_USER_PATHS = NO;
				CLANG_ANALYZER_NONNULL = YES;
				CLANG_ANALYZER_NUMBER_OBJECT_CONVERSION = YES_AGGRESSIVE;
				CLANG_CXX_LANGUAGE_STANDARD = "gnu++20";
				CLANG_ENABLE_MODULES = YES;
				CLANG_ENABLE_OBJC_ARC = YES;
				CLANG_ENABLE_OBJC_WEAK = YES;
				CLANG_WARN_BLOCK_CAPTURE_AUTORELEASING = YES;
				CLANG_WARN_BOOL_CONVERSION = YES;
				CLANG_WARN_COMMA = YES;
				CLANG_WARN_CONSTANT_CONVERSION = YES;
				CLANG_WARN_DEPRECATED_OBJC_IMPLEMENTATIONS = YES;
				CLANG_WARN_DIRECT_OBJC_ISA_USAGE = YES_ERROR;
				CLANG_WARN_DOCUMENTATION_COMMENTS = YES;
				CLANG_WARN_EMPTY_BODY = YES;
				CLANG_WARN_ENUM_CONVERSION = YES;
				CLANG_WARN_INFINITE_RECURSION = YES;
				CLANG_WARN_INT_CONVERSION = YES;
				CLANG_WARN_NON_LITERAL_NULL_CONVERSION = YES;
				CLANG_WARN_OBJC_IMPLICIT_RETAIN_SELF = YES;
				CLANG_WARN_OBJC_LITERAL_CONVERSION = YES;
				CLANG_WARN_OBJC_ROOT_CLASS = YES_ERROR;
				CLANG_WARN_QUOTED_INCLUDE_IN_FRAMEWORK_HEADER = YES;
				CLANG_WARN_RANGE_LOOP_ANALYSIS = YES;
				CLANG_WARN_STRICT_PROTOTYPES = YES;
				CLANG_WARN_SUSPICIOUS_MOVE = YES;
				CLANG_WARN_UNGUARDED_AVAILABILITY = YES_AGGRESSIVE;
				CLANG_WARN_UNREACHABLE_CODE = YES;
				CLANG_WARN__DUPLICATE_METHOD_MATCH = YES;
				COPY_PHASE_STRIP = NO;
				DEBUG_INFORMATION_FORMAT = "dwarf-with-dsym";
				ENABLE_NS_ASSERTIONS = NO;
				ENABLE_STRICT_OBJC_MSGSEND = YES;
				GCC_C_LANGUAGE_STANDARD = gnu11;
				GCC_NO_COMMON_BLOCKS = YES;
				GCC_WARN_64_TO_32_BIT_CONVERSION = YES;
				GCC_WARN_ABOUT_RETURN_TYPE = YES_ERROR;
				GCC_WARN_UNDECLARED_SELECTOR = YES;
				GCC_WARN_UNINITIALIZED_AUTOS = YES_AGGRESSIVE;
				GCC_WARN_UNUSED_FUNCTION = YES;
				GCC_WARN_UNUSED_VARIABLE = YES;
				MACOSX_DEPLOYMENT_TARGET = 12.6;
				MTL_ENABLE_DEBUG_INFO = NO;
				MTL_FAST_MATH = YES;
				SDKROOT = macosx;
			};
			name = Release;
		};
		2553DDF829DF9D240044EF7E /* Debug */ = {
			isa = XCBuildConfiguration;
			buildSettings = {
				CODE_SIGN_STYLE = Automatic;
				DEVELOPMENT_TEAM = 4QXF92U9GN;
				ENABLE_HARDENED_RUNTIME = YES;
				PRODUCT_NAME = "$(TARGET_NAME)";
			};
			name = Debug;
		};
		2553DDF929DF9D240044EF7E /* Release */ = {
			isa = XCBuildConfiguration;
			buildSettings = {
				CODE_SIGN_STYLE = Automatic;
				DEVELOPMENT_TEAM = 4QXF92U9GN;
				ENABLE_HARDENED_RUNTIME = YES;
				PRODUCT_NAME = "$(TARGET_NAME)";
			};
			name = Release;
		};
/* End XCBuildConfiguration section */

/* Begin XCConfigurationList section */
		2553DDEB29DF9D240044EF7E /* Build configuration list for PBXProject "Topic 6 Lab Question 2" */ = {
			isa = XCConfigurationList;
			buildConfigurations = (
				2553DDF529DF9D240044EF7E /* Debug */,
				2553DDF629DF9D240044EF7E /* Release */,
			);
			defaultConfigurationIsVisible = 0;
			defaultConfigurationName = Release;
		};
		2553DDF729DF9D240044EF7E /* Build configuration list for PBXNativeTarget "Topic 6 Lab Question 2" */ = {
			isa = XCConfigurationList;
			buildConfigurations = (
				2553DDF829DF9D240044EF7E /* Debug */,
				2553DDF929DF9D240044EF7E /* Release */,
			);
			defaultConfigurationIsVisible = 0;
			defaultConfigurationName = Release;
		};
/* End XCConfigurationList section */
	};
	rootObject = 2553DDE829DF9D230044EF7E /* Project object */;
}
