// !$*UTF8*$!
{
	archiveVersion = 1;
	classes = {
	};
	objectVersion = 56;
	objects = {

/* Begin PBXBuildFile section */
		25043D9B29D67A6400650604 /* main.cpp in Sources */ = {isa = PBXBuildFile; fileRef = 25043D9A29D67A6400650604 /* main.cpp */; };
		25043DA229D67AA400650604 /* Dragon.cpp in Sources */ = {isa = PBXBuildFile; fileRef = 25043DA129D67AA400650604 /* Dragon.cpp */; };
		25043DA529D67B0400650604 /* ForestCritter.cpp in Sources */ = {isa = PBXBuildFile; fileRef = 25043DA429D67B0400650604 /* ForestCritter.cpp */; };
		25043DA829D67B6200650604 /* Villain.cpp in Sources */ = {isa = PBXBuildFile; fileRef = 25043DA729D67B6200650604 /* Villain.cpp */; };
		25043DAB29D67BA400650604 /* Witch.cpp in Sources */ = {isa = PBXBuildFile; fileRef = 25043DAA29D67BA400650604 /* Witch.cpp */; };
/* End PBXBuildFile section */

/* Begin PBXCopyFilesBuildPhase section */
		25043D9529D67A6400650604 /* CopyFiles */ = {
			isa = PBXCopyFilesBuildPhase;
			buildActionMask = 2147483647;
			dstPath = /usr/share/man/man1/;
			dstSubfolderSpec = 0;
			files = (
			);
			runOnlyForDeploymentPostprocessing = 1;
		};
/* End PBXCopyFilesBuildPhase section */

/* Begin PBXFileReference section */
		25043D9729D67A6400650604 /* Topic 6 Lab Question 1 */ = {isa = PBXFileReference; explicitFileType = "compiled.mach-o.executable"; includeInIndex = 0; path = "Topic 6 Lab Question 1"; sourceTree = BUILT_PRODUCTS_DIR; };
		25043D9A29D67A6400650604 /* main.cpp */ = {isa = PBXFileReference; lastKnownFileType = sourcecode.cpp.cpp; path = main.cpp; sourceTree = "<group>"; };
		25043DA129D67AA400650604 /* Dragon.cpp */ = {isa = PBXFileReference; lastKnownFileType = sourcecode.cpp.cpp; path = Dragon.cpp; sourceTree = "<group>"; };
		25043DA329D67AD000650604 /* Dragon.h */ = {isa = PBXFileReference; lastKnownFileType = sourcecode.c.h; path = Dragon.h; sourceTree = "<group>"; };
		25043DA429D67B0400650604 /* ForestCritter.cpp */ = {isa = PBXFileReference; lastKnownFileType = sourcecode.cpp.cpp; path = ForestCritter.cpp; sourceTree = "<group>"; };
		25043DA629D67B2400650604 /* ForestCritter.h */ = {isa = PBXFileReference; lastKnownFileType = sourcecode.c.h; path = ForestCritter.h; sourceTree = "<group>"; };
		25043DA729D67B6200650604 /* Villain.cpp */ = {isa = PBXFileReference; lastKnownFileType = sourcecode.cpp.cpp; path = Villain.cpp; sourceTree = "<group>"; };
		25043DA929D67B8200650604 /* Villain.h */ = {isa = PBXFileReference; lastKnownFileType = sourcecode.c.h; path = Villain.h; sourceTree = "<group>"; };
		25043DAA29D67BA400650604 /* Witch.cpp */ = {isa = PBXFileReference; lastKnownFileType = sourcecode.cpp.cpp; path = Witch.cpp; sourceTree = "<group>"; };
		25043DAC29D67BB400650604 /* Witch.h */ = {isa = PBXFileReference; lastKnownFileType = sourcecode.c.h; path = Witch.h; sourceTree = "<group>"; };
/* End PBXFileReference section */

/* Begin PBXFrameworksBuildPhase section */
		25043D9429D67A6400650604 /* Frameworks */ = {
			isa = PBXFrameworksBuildPhase;
			buildActionMask = 2147483647;
			files = (
			);
			runOnlyForDeploymentPostprocessing = 0;
		};
/* End PBXFrameworksBuildPhase section */

/* Begin PBXGroup section */
		25043D8E29D67A6400650604 = {
			isa = PBXGroup;
			children = (
				25043D9929D67A6400650604 /* Topic 6 Lab Question 1 */,
				25043D9829D67A6400650604 /* Products */,
			);
			sourceTree = "<group>";
		};
		25043D9829D67A6400650604 /* Products */ = {
			isa = PBXGroup;
			children = (
				25043D9729D67A6400650604 /* Topic 6 Lab Question 1 */,
			);
			name = Products;
			sourceTree = "<group>";
		};
		25043D9929D67A6400650604 /* Topic 6 Lab Question 1 */ = {
			isa = PBXGroup;
			children = (
				25043D9A29D67A6400650604 /* main.cpp */,
				25043DA729D67B6200650604 /* Villain.cpp */,
				25043DA929D67B8200650604 /* Villain.h */,
				25043DAA29D67BA400650604 /* Witch.cpp */,
				25043DAC29D67BB400650604 /* Witch.h */,
				25043DA129D67AA400650604 /* Dragon.cpp */,
				25043DA329D67AD000650604 /* Dragon.h */,
				25043DA429D67B0400650604 /* ForestCritter.cpp */,
				25043DA629D67B2400650604 /* ForestCritter.h */,
			);
			path = "Topic 6 Lab Question 1";
			sourceTree = "<group>";
		};
/* End PBXGroup section */

/* Begin PBXNativeTarget section */
		25043D9629D67A6400650604 /* Topic 6 Lab Question 1 */ = {
			isa = PBXNativeTarget;
			buildConfigurationList = 25043D9E29D67A6400650604 /* Build configuration list for PBXNativeTarget "Topic 6 Lab Question 1" */;
			buildPhases = (
				25043D9329D67A6400650604 /* Sources */,
				25043D9429D67A6400650604 /* Frameworks */,
				25043D9529D67A6400650604 /* CopyFiles */,
			);
			buildRules = (
			);
			dependencies = (
			);
			name = "Topic 6 Lab Question 1";
			productName = "Topic 6 Lab Question 1";
			productReference = 25043D9729D67A6400650604 /* Topic 6 Lab Question 1 */;
			productType = "com.apple.product-type.tool";
		};
/* End PBXNativeTarget section */

/* Begin PBXProject section */
		25043D8F29D67A6400650604 /* Project object */ = {
			isa = PBXProject;
			attributes = {
				BuildIndependentTargetsInParallel = 1;
				LastUpgradeCheck = 1420;
				TargetAttributes = {
					25043D9629D67A6400650604 = {
						CreatedOnToolsVersion = 14.2;
					};
				};
			};
			buildConfigurationList = 25043D9229D67A6400650604 /* Build configuration list for PBXProject "Topic 6 Lab Question 1" */;
			compatibilityVersion = "Xcode 14.0";
			developmentRegion = en;
			hasScannedForEncodings = 0;
			knownRegions = (
				en,
				Base,
			);
			mainGroup = 25043D8E29D67A6400650604;
			productRefGroup = 25043D9829D67A6400650604 /* Products */;
			projectDirPath = "";
			projectRoot = "";
			targets = (
				25043D9629D67A6400650604 /* Topic 6 Lab Question 1 */,
			);
		};
/* End PBXProject section */

/* Begin PBXSourcesBuildPhase section */
		25043D9329D67A6400650604 /* Sources */ = {
			isa = PBXSourcesBuildPhase;
			buildActionMask = 2147483647;
			files = (
				25043DA529D67B0400650604 /* ForestCritter.cpp in Sources */,
				25043DA229D67AA400650604 /* Dragon.cpp in Sources */,
				25043D9B29D67A6400650604 /* main.cpp in Sources */,
				25043DA829D67B6200650604 /* Villain.cpp in Sources */,
				25043DAB29D67BA400650604 /* Witch.cpp in Sources */,
			);
			runOnlyForDeploymentPostprocessing = 0;
		};
/* End PBXSourcesBuildPhase section */

/* Begin XCBuildConfiguration section */
		25043D9C29D67A6400650604 /* Debug */ = {
			isa = XCBuildConfiguration;
			buildSettings = {
				ALWAYS_SEARCH_USER_PATHS = NO;
				CLANG_ANALYZER_NONNULL = YES;
				CLANG_ANALYZER_NUMBER_OBJECT_CONVERSION = YES_AGGRESSIVE;
				CLANG_CXX_LANGUAGE_STANDARD = "gnu++20";
				CLANG_ENABLE_MODULES = YES;
				CLANG_ENABLE_OBJC_ARC = YES;
				CLANG_ENABLE_OBJC_WEAK = YES;
				CLANG_WARN_BLOCK_CAPTURE_AUTORELEASING = YES;
				CLANG_WARN_BOOL_CONVERSION = YES;
				CLANG_WARN_COMMA = YES;
				CLANG_WARN_CONSTANT_CONVERSION = YES;
				CLANG_WARN_DEPRECATED_OBJC_IMPLEMENTATIONS = YES;
				CLANG_WARN_DIRECT_OBJC_ISA_USAGE = YES_ERROR;
				CLANG_WARN_DOCUMENTATION_COMMENTS = YES;
				CLANG_WARN_EMPTY_BODY = YES;
				CLANG_WARN_ENUM_CONVERSION = YES;
				CLANG_WARN_INFINITE_RECURSION = YES;
				CLANG_WARN_INT_CONVERSION = YES;
				CLANG_WARN_NON_LITERAL_NULL_CONVERSION = YES;
				CLANG_WARN_OBJC_IMPLICIT_RETAIN_SELF = YES;
				CLANG_WARN_OBJC_LITERAL_CONVERSION = YES;
				CLANG_WARN_OBJC_ROOT_CLASS = YES_ERROR;
				CLANG_WARN_QUOTED_INCLUDE_IN_FRAMEWORK_HEADER = YES;
				CLANG_WARN_RANGE_LOOP_ANALYSIS = YES;
				CLANG_WARN_STRICT_PROTOTYPES = YES;
				CLANG_WARN_SUSPICIOUS_MOVE = YES;
				CLANG_WARN_UNGUARDED_AVAILABILITY = YES_AGGRESSIVE;
				CLANG_WARN_UNREACHABLE_CODE = YES;
				CLANG_WARN__DUPLICATE_METHOD_MATCH = YES;
				COPY_PHASE_STRIP = NO;
				DEBUG_INFORMATION_FORMAT = dwarf;
				ENABLE_STRICT_OBJC_MSGSEND = YES;
				ENABLE_TESTABILITY = YES;
				GCC_C_LANGUAGE_STANDARD = gnu11;
				GCC_DYNAMIC_NO_PIC = NO;
				GCC_NO_COMMON_BLOCKS = YES;
				GCC_OPTIMIZATION_LEVEL = 0;
				GCC_PREPROCESSOR_DEFINITIONS = (
					"DEBUG=1",
					"$(inherited)",
				);
				GCC_WARN_64_TO_32_BIT_CONVERSION = YES;
				GCC_WARN_ABOUT_RETURN_TYPE = YES_ERROR;
				GCC_WARN_UNDECLARED_SELECTOR = YES;
				GCC_WARN_UNINITIALIZED_AUTOS = YES_AGGRESSIVE;
				GCC_WARN_UNUSED_FUNCTION = YES;
				GCC_WARN_UNUSED_VARIABLE = YES;
				MACOSX_DEPLOYMENT_TARGET = 12.6;
				MTL_ENABLE_DEBUG_INFO = INCLUDE_SOURCE;
				MTL_FAST_MATH = YES;
				ONLY_ACTIVE_ARCH = YES;
				SDKROOT = macosx;
			};
			name = Debug;
		};
		25043D9D29D67A6400650604 /* Release */ = {
			isa = XCBuildConfiguration;
			buildSettings = {
				ALWAYS_SEARCH_USER_PATHS = NO;
				CLANG_ANALYZER_NONNULL = YES;
				CLANG_ANALYZER_NUMBER_OBJECT_CONVERSION = YES_AGGRESSIVE;
				CLANG_CXX_LANGUAGE_STANDARD = "gnu++20";
				CLANG_ENABLE_MODULES = YES;
				CLANG_ENABLE_OBJC_ARC = YES;
				CLANG_ENABLE_OBJC_WEAK = YES;
				CLANG_WARN_BLOCK_CAPTURE_AUTORELEASING = YES;
				CLANG_WARN_BOOL_CONVERSION = YES;
				CLANG_WARN_COMMA = YES;
				CLANG_WARN_CONSTANT_CONVERSION = YES;
				CLANG_WARN_DEPRECATED_OBJC_IMPLEMENTATIONS = YES;
				CLANG_WARN_DIRECT_OBJC_ISA_USAGE = YES_ERROR;
				CLANG_WARN_DOCUMENTATION_COMMENTS = YES;
				CLANG_WARN_EMPTY_BODY = YES;
				CLANG_WARN_ENUM_CONVERSION = YES;
				CLANG_WARN_INFINITE_RECURSION = YES;
				CLANG_WARN_INT_CONVERSION = YES;
				CLANG_WARN_NON_LITERAL_NULL_CONVERSION = YES;
				CLANG_WARN_OBJC_IMPLICIT_RETAIN_SELF = YES;
				CLANG_WARN_OBJC_LITERAL_CONVERSION = YES;
				CLANG_WARN_OBJC_ROOT_CLASS = YES_ERROR;
				CLANG_WARN_QUOTED_INCLUDE_IN_FRAMEWORK_HEADER = YES;
				CLANG_WARN_RANGE_LOOP_ANALYSIS = YES;
				CLANG_WARN_STRICT_PROTOTYPES = YES;
				CLANG_WARN_SUSPICIOUS_MOVE = YES;
				CLANG_WARN_UNGUARDED_AVAILABILITY = YES_AGGRESSIVE;
				CLANG_WARN_UNREACHABLE_CODE = YES;
				CLANG_WARN__DUPLICATE_METHOD_MATCH = YES;
				COPY_PHASE_STRIP = NO;
				DEBUG_INFORMATION_FORMAT = "dwarf-with-dsym";
				ENABLE_NS_ASSERTIONS = NO;
				ENABLE_STRICT_OBJC_MSGSEND = YES;
				GCC_C_LANGUAGE_STANDARD = gnu11;
				GCC_NO_COMMON_BLOCKS = YES;
				GCC_WARN_64_TO_32_BIT_CONVERSION = YES;
				GCC_WARN_ABOUT_RETURN_TYPE = YES_ERROR;
				GCC_WARN_UNDECLARED_SELECTOR = YES;
				GCC_WARN_UNINITIALIZED_AUTOS = YES_AGGRESSIVE;
				GCC_WARN_UNUSED_FUNCTION = YES;
				GCC_WARN_UNUSED_VARIABLE = YES;
				MACOSX_DEPLOYMENT_TARGET = 12.6;
				MTL_ENABLE_DEBUG_INFO = NO;
				MTL_FAST_MATH = YES;
				SDKROOT = macosx;
			};
			name = Release;
		};
		25043D9F29D67A6400650604 /* Debug */ = {
			isa = XCBuildConfiguration;
			buildSettings = {
				CODE_SIGN_STYLE = Automatic;
				DEVELOPMENT_TEAM = 4QXF92U9GN;
				ENABLE_HARDENED_RUNTIME = YES;
				PRODUCT_NAME = "$(TARGET_NAME)";
			};
			name = Debug;
		};
		25043DA029D67A6400650604 /* Release */ = {
			isa = XCBuildConfiguration;
			buildSettings = {
				CODE_SIGN_STYLE = Automatic;
				DEVELOPMENT_TEAM = 4QXF92U9GN;
				ENABLE_HARDENED_RUNTIME = YES;
				PRODUCT_NAME = "$(TARGET_NAME)";
			};
			name = Release;
		};
/* End XCBuildConfiguration section */

/* Begin XCConfigurationList section */
		25043D9229D67A6400650604 /* Build configuration list for PBXProject "Topic 6 Lab Question 1" */ = {
			isa = XCConfigurationList;
			buildConfigurations = (
				25043D9C29D67A6400650604 /* Debug */,
				25043D9D29D67A6400650604 /* Release */,
			);
			defaultConfigurationIsVisible = 0;
			defaultConfigurationName = Release;
		};
		25043D9E29D67A6400650604 /* Build configuration list for PBXNativeTarget "Topic 6 Lab Question 1" */ = {
			isa = XCConfigurationList;
			buildConfigurations = (
				25043D9F29D67A6400650604 /* Debug */,
				25043DA029D67A6400650604 /* Release */,
			);
			defaultConfigurationIsVisible = 0;
			defaultConfigurationName = Release;
		};
/* End XCConfigurationList section */
	};
	rootObject = 25043D8F29D67A6400650604 /* Project object */;
}
